// !$*UTF8*$!
{
	archiveVersion = 1;
	classes = {
	};
	objectVersion = 77;
	objects = {

/* Begin PBXBuildFile section */
		2006501D2F20B102004900F1 /* insurance_list_test.sql in Resources */ = {isa = PBXBuildFile; fileRef = 200650172F20B102004900F1 /* insurance_list_test.sql */; };
		2006501E2F20B102004900F1 /* VaccineView.swift in Sources */ = {isa = PBXBuildFile; fileRef = 2006501B2F20B102004900F1 /* VaccineView.swift */; };
		2006501F2F20B102004900F1 /* InsuranceCompareView.swift in Sources */ = {isa = PBXBuildFile; fileRef = 200650182F20B102004900F1 /* InsuranceCompareView.swift */; };
		206606402EFBB4B2004CAA54 /* BlogService.swift in Sources */ = {isa = PBXBuildFile; fileRef = 2066063F2EFBB4B2004CAA54 /* BlogService.swift */; };
		200650202F20B102004900F1 /* BlogView.swift in Sources */ = {isa = PBXBuildFile; fileRef = 200650152F20B102004900F1 /* BlogView.swift */; };
		200650212F20B102004900F1 /* InsuranceLandingView.swift in Sources */ = {isa = PBXBuildFile; fileRef = 200650192F20B102004900F1 /* InsuranceLandingView.swift */; };
		200650262F20B195004900F1 /* Vaccine.swift in Sources */ = {isa = PBXBuildFile; fileRef = 200650252F20B195004900F1 /* Vaccine.swift */; };
		200650282F20B1F1004900F1 /* VaccineService.swift in Sources */ = {isa = PBXBuildFile; fileRef = 200650272F20B1F1004900F1 /* VaccineService.swift */; };
		206606672EFBEBB5004CAA54 /* ContentView.swift in Sources */ = {isa = PBXBuildFile; fileRef = 206606642EFBEBB5004CAA54 /* ContentView.swift */; };
		206606682EFBEBB5004CAA54 /* PetWellApp.swift in Sources */ = {isa = PBXBuildFile; fileRef = 206606652EFBEBB5004CAA54 /* PetWellApp.swift */; };
		206606692EFBEBB5004CAA54 /* Assets.xcassets in Resources */ = {isa = PBXBuildFile; fileRef = 206606632EFBEBB5004CAA54 /* Assets.xcassets */; };
		2066066A2EFBEF8C004CAA54 /* GuardianChatView.swift in Sources */ = {isa = PBXBuildFile; fileRef = 2066065F2EFBE68A004CAA54 /* GuardianChatView.swift */; };
		2066066B2EFBEF92004CAA54 /* RecordsView.swift in Sources */ = {isa = PBXBuildFile; fileRef = 2066065E2EFBE668004CAA54 /* RecordsView.swift */; };
		2066066C2EFBEF99004CAA54 /* PetModels.swift in Sources */ = {isa = PBXBuildFile; fileRef = 2066065D2EFBE648004CAA54 /* PetModels.swift */; };
		2066066D2EFBEF9F004CAA54 /* AIService.swift in Sources */ = {isa = PBXBuildFile; fileRef = 206606602EFBE6AD004CAA54 /* AIService.swift */; };
		206606702EFE6F67004CAA54 /* ConsultationEngine.swift in Sources */ = {isa = PBXBuildFile; fileRef = 2066066F2EFE5F68004CAA54 /* ConsultationEngine.swift */; };
		206606722F03CE4C004CAA54 /* ChatHistoryModels.swift in Sources */ = {isa = PBXBuildFile; fileRef = 206606712F03CE37004CAA54 /* ChatHistoryModels.swift */; };
		2075191C2F251CB900B1FD1A /* clinics.csv in Resources */ = {isa = PBXBuildFile; fileRef = 2075191B2F251CB900B1FD1A /* clinics.csv */; };
		2075191E2F251CD000B1FD1A /* Clinic.swift in Sources */ = {isa = PBXBuildFile; fileRef = 2075191D2F251CD000B1FD1A /* Clinic.swift */; };
		207519202F251CEA00B1FD1A /* ClinicService.swift in Sources */ = {isa = PBXBuildFile; fileRef = 2075191F2F251CEA00B1FD1A /* ClinicService.swift */; };
		207519222F251CFD00B1FD1A /* EmergencyClinicsView.swift in Sources */ = {isa = PBXBuildFile; fileRef = 207519212F251CFD00B1FD1A /* EmergencyClinicsView.swift */; };
		207519242F2520B400B1FD1A /* ClinicDetailView.swift in Sources */ = {isa = PBXBuildFile; fileRef = 207519232F2520B400B1FD1A /* ClinicDetailView.swift */; };
		207519262F25232400B1FD1A /* HealthCheckView.swift in Sources */ = {isa = PBXBuildFile; fileRef = 207519252F25232400B1FD1A /* HealthCheckView.swift */; };
		207519282F2524A800B1FD1A /* VaccineBookingView.swift in Sources */ = {isa = PBXBuildFile; fileRef = 207519272F2524A800B1FD1A /* VaccineBookingView.swift */; };
		2075192A2F25289700B1FD1A /* ClinicSelectionView.swift in Sources */ = {isa = PBXBuildFile; fileRef = 207519292F25289700B1FD1A /* ClinicSelectionView.swift */; };
		20833D5A2F20B39A00D59583 /* VaccineDetailView.swift in Sources */ = {isa = PBXBuildFile; fileRef = 20833D592F20B39A00D59583 /* VaccineDetailView.swift */; };
		20CCB5FF2F0418F300CE57E7 /* AddPetView.swift in Sources */ = {isa = PBXBuildFile; fileRef = 20CCB5FE2F0418F000CE57E7 /* AddPetView.swift */; };
		20CCB6012F04190E00CE57E7 /* PetDetailView.swift in Sources */ = {isa = PBXBuildFile; fileRef = 20CCB6002F04190A00CE57E7 /* PetDetailView.swift */; };

		5254A20A2F14D0BB002C6BFB /* InsuranceService.swift in Sources */ = {isa = PBXBuildFile; fileRef = 5254A20B2F14D0BB002C6BFB /* InsuranceService.swift */; };
		20SOCIAL012F42B000004CAA54 /* SharePetProfileView.swift in Sources */ = {isa = PBXBuildFile; fileRef = 20SOCIAL022F42B000004CAA54 /* SharePetProfileView.swift */; };
		20SOCIAL032F42B000004CAA54 /* SocialSearchView.swift in Sources */ = {isa = PBXBuildFile; fileRef = 20SOCIAL042F42B000004CAA54 /* SocialSearchView.swift */; };
/* End PBXBuildFile section */

/* Begin PBXFileReference section */
		2066063F2EFBB4B2004CAA54 /* BlogService.swift */ = {isa = PBXFileReference; lastKnownFileType = sourcecode.swift; path = BlogService.swift; sourceTree = "<group>"; };
		200650152F20B102004900F1 /* BlogView.swift */ = {isa = PBXFileReference; lastKnownFileType = sourcecode.swift; path = BlogView.swift; sourceTree = "<group>"; };
		200650172F20B102004900F1 /* insurance_list_test.sql */ = {isa = PBXFileReference; lastKnownFileType = text; path = insurance_list_test.sql; sourceTree = "<group>"; };
		200650182F20B102004900F1 /* InsuranceCompareView.swift */ = {isa = PBXFileReference; lastKnownFileType = sourcecode.swift; path = InsuranceCompareView.swift; sourceTree = "<group>"; };
		200650192F20B102004900F1 /* InsuranceLandingView.swift */ = {isa = PBXFileReference; lastKnownFileType = sourcecode.swift; path = InsuranceLandingView.swift; sourceTree = "<group>"; };
		2006501B2F20B102004900F1 /* VaccineView.swift */ = {isa = PBXFileReference; lastKnownFileType = sourcecode.swift; path = VaccineView.swift; sourceTree = "<group>"; };
		200650222F20B144004900F1 /* server.py */ = {isa = PBXFileReference; lastKnownFileType = text.script.python; path = server.py; sourceTree = "<group>"; };
		200650232F20B144004900F1 /* vaccines.json */ = {isa = PBXFileReference; lastKnownFileType = text.json; path = vaccines.json; sourceTree = "<group>"; };
		200650252F20B195004900F1 /* Vaccine.swift */ = {isa = PBXFileReference; lastKnownFileType = sourcecode.swift; path = Vaccine.swift; sourceTree = "<group>"; };
		200650272F20B1F1004900F1 /* VaccineService.swift */ = {isa = PBXFileReference; lastKnownFileType = sourcecode.swift; path = VaccineService.swift; sourceTree = "<group>"; };
		2066063D2EFBB4B2004CAA54 /* PetWell.app */ = {isa = PBXFileReference; explicitFileType = wrapper.application; includeInIndex = 0; path = PetWell.app; sourceTree = BUILT_PRODUCTS_DIR; };
		2066065D2EFBE648004CAA54 /* PetModels.swift */ = {isa = PBXFileReference; lastKnownFileType = sourcecode.swift; path = PetModels.swift; sourceTree = "<group>"; };
		2066065E2EFBE668004CAA54 /* RecordsView.swift */ = {isa = PBXFileReference; lastKnownFileType = sourcecode.swift; path = RecordsView.swift; sourceTree = "<group>"; };
		2066065F2EFBE68A004CAA54 /* GuardianChatView.swift */ = {isa = PBXFileReference; lastKnownFileType = sourcecode.swift; path = GuardianChatView.swift; sourceTree = "<group>"; };
		206606602EFBE6AD004CAA54 /* AIService.swift */ = {isa = PBXFileReference; lastKnownFileType = sourcecode.swift; path = AIService.swift; sourceTree = "<group>"; };
		206606632EFBEBB5004CAA54 /* Assets.xcassets */ = {isa = PBXFileReference; lastKnownFileType = folder.assetcatalog; path = Assets.xcassets; sourceTree = "<group>"; };
		206606642EFBEBB5004CAA54 /* ContentView.swift */ = {isa = PBXFileReference; lastKnownFileType = sourcecode.swift; path = ContentView.swift; sourceTree = "<group>"; };
		206606652EFBEBB5004CAA54 /* PetWellApp.swift */ = {isa = PBXFileReference; lastKnownFileType = sourcecode.swift; path = PetWellApp.swift; sourceTree = "<group>"; };
		2066066F2EFE5F68004CAA54 /* ConsultationEngine.swift */ = {isa = PBXFileReference; lastKnownFileType = sourcecode.swift; path = ConsultationEngine.swift; sourceTree = "<group>"; };
		206606712F03CE37004CAA54 /* ChatHistoryModels.swift */ = {isa = PBXFileReference; lastKnownFileType = sourcecode.swift; path = ChatHistoryModels.swift; sourceTree = "<group>"; };
		2075191B2F251CB900B1FD1A /* clinics.csv */ = {isa = PBXFileReference; lastKnownFileType = text; path = clinics.csv; sourceTree = "<group>"; };
		2075191D2F251CD000B1FD1A /* Clinic.swift */ = {isa = PBXFileReference; lastKnownFileType = sourcecode.swift; path = Clinic.swift; sourceTree = "<group>"; };
		2075191F2F251CEA00B1FD1A /* ClinicService.swift */ = {isa = PBXFileReference; lastKnownFileType = sourcecode.swift; path = ClinicService.swift; sourceTree = "<group>"; };
		207519212F251CFD00B1FD1A /* EmergencyClinicsView.swift */ = {isa = PBXFileReference; lastKnownFileType = sourcecode.swift; path = EmergencyClinicsView.swift; sourceTree = "<group>"; };
		207519232F2520B400B1FD1A /* ClinicDetailView.swift */ = {isa = PBXFileReference; lastKnownFileType = sourcecode.swift; path = ClinicDetailView.swift; sourceTree = "<group>"; };
		207519252F25232400B1FD1A /* HealthCheckView.swift */ = {isa = PBXFileReference; lastKnownFileType = sourcecode.swift; path = HealthCheckView.swift; sourceTree = "<group>"; };
		207519272F2524A800B1FD1A /* VaccineBookingView.swift */ = {isa = PBXFileReference; lastKnownFileType = sourcecode.swift; path = VaccineBookingView.swift; sourceTree = "<group>"; };
		207519292F25289700B1FD1A /* ClinicSelectionView.swift */ = {isa = PBXFileReference; lastKnownFileType = sourcecode.swift; path = ClinicSelectionView.swift; sourceTree = "<group>"; };
		20833D592F20B39A00D59583 /* VaccineDetailView.swift */ = {isa = PBXFileReference; lastKnownFileType = sourcecode.swift; path = VaccineDetailView.swift; sourceTree = "<group>"; };
		20CCB5FE2F0418F000CE57E7 /* AddPetView.swift */ = {isa = PBXFileReference; lastKnownFileType = sourcecode.swift; path = AddPetView.swift; sourceTree = "<group>"; };
		20CCB6002F04190A00CE57E7 /* PetDetailView.swift */ = {isa = PBXFileReference; lastKnownFileType = sourcecode.swift; path = PetDetailView.swift; sourceTree = "<group>"; };
		5254A2062F14D0A1002C6BFB /* InsuranceCompareView.swift */ = {isa = PBXFileReference; lastKnownFileType = sourcecode.swift; path = InsuranceCompareView.swift; sourceTree = "<group>"; };
		5254A2092F14D0AA002C6BFB /* InsuranceLandingView.swift */ = {isa = PBXFileReference; lastKnownFileType = sourcecode.swift; path = InsuranceLandingView.swift; sourceTree = "<group>"; };
		5254A20B2F14D0BB002C6BFB /* InsuranceService.swift */ = {isa = PBXFileReference; lastKnownFileType = sourcecode.swift; path = InsuranceService.swift; sourceTree = "<group>"; };
		20SOCIAL022F42B000004CAA54 /* SharePetProfileView.swift */ = {isa = PBXFileReference; lastKnownFileType = sourcecode.swift; path = SharePetProfileView.swift; sourceTree = "<group>"; };
		20SOCIAL042F42B000004CAA54 /* SocialSearchView.swift */ = {isa = PBXFileReference; lastKnownFileType = sourcecode.swift; path = SocialSearchView.swift; sourceTree = "<group>"; };
/* End PBXFileReference section */

/* Begin PBXFrameworksBuildPhase section */
		2066063A2EFBB4B2004CAA54 /* Frameworks */ = {
			isa = PBXFrameworksBuildPhase;
			buildActionMask = 2147483647;
			files = (
			);
			runOnlyForDeploymentPostprocessing = 0;
		};
/* End PBXFrameworksBuildPhase section */

/* Begin PBXGroup section */
		200650162F20B102004900F1 /* Blog */ = {
			isa = PBXGroup;
			children = (
				200650152F20B102004900F1 /* BlogView.swift */,
			);
			path = Blog;
			sourceTree = "<group>";
		};
		2006501A2F20B102004900F1 /* Insurance */ = {
			isa = PBXGroup;
			children = (
				200650172F20B102004900F1 /* insurance_list_test.sql */,
				200650182F20B102004900F1 /* InsuranceCompareView.swift */,
				200650192F20B102004900F1 /* InsuranceLandingView.swift */,
			);
			path = Insurance;
			sourceTree = "<group>";
		};
		2006501C2F20B102004900F1 /* Medical */ = {
			isa = PBXGroup;
			children = (
				207519292F25289700B1FD1A /* ClinicSelectionView.swift */,
				207519272F2524A800B1FD1A /* VaccineBookingView.swift */,
				207519252F25232400B1FD1A /* HealthCheckView.swift */,
				207519232F2520B400B1FD1A /* ClinicDetailView.swift */,
				207519212F251CFD00B1FD1A /* EmergencyClinicsView.swift */,
				20833D592F20B39A00D59583 /* VaccineDetailView.swift */,
				2006501B2F20B102004900F1 /* VaccineView.swift */,
			);
			path = Medical;
			sourceTree = "<group>";
		};
		200650242F20B144004900F1 /* Backend */ = {
			isa = PBXGroup;
			children = (
				2075191B2F251CB900B1FD1A /* clinics.csv */,
				200650222F20B144004900F1 /* server.py */,
				200650232F20B144004900F1 /* vaccines.json */,
			);
			path = Backend;
			sourceTree = "<group>";
		};
		206606342EFBB4B2004CAA54 = {
			isa = PBXGroup;
			children = (
				200650242F20B144004900F1 /* Backend */,
				2066066E2EFE5F55004CAA54 /* Consultation */,
				206606662EFBEBB5004CAA54 /* PetWell */,
				2066065C2EFBE621004CAA54 /* Services */,
				206606592EFBE5E1004CAA54 /* Views */,
				206606582EFBE5CB004CAA54 /* Models */,
				2066063E2EFBB4B2004CAA54 /* Products */,
			);
			sourceTree = "<group>";
		};
		2066063E2EFBB4B2004CAA54 /* Products */ = {
			isa = PBXGroup;
			children = (
				2066063D2EFBB4B2004CAA54 /* PetWell.app */,
			);
			name = Products;
			sourceTree = "<group>";
		};
		206606582EFBE5CB004CAA54 /* Models */ = {
			isa = PBXGroup;
			children = (
				2075191D2F251CD000B1FD1A /* Clinic.swift */,
				200650252F20B195004900F1 /* Vaccine.swift */,
				206606712F03CE37004CAA54 /* ChatHistoryModels.swift */,
				2066065D2EFBE648004CAA54 /* PetModels.swift */,
			);
			path = Models;
			sourceTree = "<group>";
		};
		206606592EFBE5E1004CAA54 /* Views */ = {
			isa = PBXGroup;
			children = (
				200650162F20B102004900F1 /* Blog */,
				2006501A2F20B102004900F1 /* Insurance */,
				2006501C2F20B102004900F1 /* Medical */,

				2066065B2EFBE5FE004CAA54 /* Guardian */,
				2066065A2EFBE5ED004CAA54 /* Records */,
				20SOCIAL052F42B000004CAA54 /* Social */,
			);
			path = Views;
			sourceTree = "<group>";
		};
		20SOCIAL052F42B000004CAA54 /* Social */ = {
			isa = PBXGroup;
			children = (
				20SOCIAL022F42B000004CAA54 /* SharePetProfileView.swift */,
				20SOCIAL042F42B000004CAA54 /* SocialSearchView.swift */,
			);
			path = Social;
			sourceTree = "<group>";
		};
		2066065A2EFBE5ED004CAA54 /* Records */ = {
			isa = PBXGroup;
			children = (
				20CCB6002F04190A00CE57E7 /* PetDetailView.swift */,
				20CCB5FE2F0418F000CE57E7 /* AddPetView.swift */,
				2066065E2EFBE668004CAA54 /* RecordsView.swift */,
			);
			path = Records;
			sourceTree = "<group>";
		};
		2066065B2EFBE5FE004CAA54 /* Guardian */ = {
			isa = PBXGroup;
			children = (
				2066065F2EFBE68A004CAA54 /* GuardianChatView.swift */,
			);
			path = Guardian;
			sourceTree = "<group>";
		};
		2066065C2EFBE621004CAA54 /* Services */ = {
			isa = PBXGroup;
			children = (
				2075191F2F251CEA00B1FD1A /* ClinicService.swift */,
				200650272F20B1F1004900F1 /* VaccineService.swift */,
				2066063F2EFBB4B2004CAA54 /* BlogService.swift */,
				206606602EFBE6AD004CAA54 /* AIService.swift */,
				5254A20B2F14D0BB002C6BFB /* InsuranceService.swift */,
			);
			path = Services;
			sourceTree = "<group>";
		};
		206606662EFBEBB5004CAA54 /* PetWell */ = {
			isa = PBXGroup;
			children = (
				206606632EFBEBB5004CAA54 /* Assets.xcassets */,
				206606642EFBEBB5004CAA54 /* ContentView.swift */,
				206606652EFBEBB5004CAA54 /* PetWellApp.swift */,
			);
			path = PetWell;
			sourceTree = "<group>";
		};
		2066066E2EFE5F55004CAA54 /* Consultation */ = {
			isa = PBXGroup;
			children = (
				2066066F2EFE5F68004CAA54 /* ConsultationEngine.swift */,
			);
			path = Consultation;
			sourceTree = "<group>";
		};
		5254A2052F14D091002C6BFB /* Insurance */ = {
			isa = PBXGroup;
			children = (
				5254A2092F14D0AA002C6BFB /* InsuranceLandingView.swift */,
				5254A2062F14D0A1002C6BFB /* InsuranceCompareView.swift */,
			);
			path = Insurance;
			sourceTree = "<group>";
		};
/* End PBXGroup section */

/* Begin PBXNativeTarget section */
		2066063C2EFBB4B2004CAA54 /* PetWell */ = {
			isa = PBXNativeTarget;
			buildConfigurationList = 206606482EFBB4B3004CAA54 /* Build configuration list for PBXNativeTarget "PetWell" */;
			buildPhases = (
				206606392EFBB4B2004CAA54 /* Sources */,
				2066063A2EFBB4B2004CAA54 /* Frameworks */,
				2066063B2EFBB4B2004CAA54 /* Resources */,
			);
			buildRules = (
			);
			dependencies = (
			);
			name = PetWell;
			packageProductDependencies = (
			);
			productName = PetWell;
			productReference = 2066063D2EFBB4B2004CAA54 /* PetWell.app */;
			productType = "com.apple.product-type.application";
		};
/* End PBXNativeTarget section */

/* Begin PBXProject section */
		206606352EFBB4B2004CAA54 /* Project object */ = {
			isa = PBXProject;
			attributes = {
				BuildIndependentTargetsInParallel = 1;
				LastSwiftUpdateCheck = 1620;
				LastUpgradeCheck = 1620;
				TargetAttributes = {
					2066063C2EFBB4B2004CAA54 = {
						CreatedOnToolsVersion = 16.0;
					};
				};
			};
			buildConfigurationList = 206606382EFBB4B2004CAA54 /* Build configuration list for PBXProject "PetWell" */;
			developmentRegion = en;
			hasScannedForEncodings = 0;
			knownRegions = (
				en,
				Base,
			);
			mainGroup = 206606342EFBB4B2004CAA54;
			minimizedProjectReferenceProxies = 1;
			preferredProjectObjectVersion = 77;
			productRefGroup = 2066063E2EFBB4B2004CAA54 /* Products */;
			projectDirPath = "";
			projectRoot = "";
			targets = (
				2066063C2EFBB4B2004CAA54 /* PetWell */,
			);
		};
/* End PBXProject section */

/* Begin PBXResourcesBuildPhase section */
		2066063B2EFBB4B2004CAA54 /* Resources */ = {
			isa = PBXResourcesBuildPhase;
			buildActionMask = 2147483647;
			files = (
				206606692EFBEBB5004CAA54 /* Assets.xcassets in Resources */,
				2075191C2F251CB900B1FD1A /* clinics.csv in Resources */,
				2006501D2F20B102004900F1 /* insurance_list_test.sql in Resources */,
			);
			runOnlyForDeploymentPostprocessing = 0;
		};
/* End PBXResourcesBuildPhase section */

/* Begin PBXSourcesBuildPhase section */
		206606392EFBB4B2004CAA54 /* Sources */ = {
			isa = PBXSourcesBuildPhase;
			buildActionMask = 2147483647;
			files = (
				2066066C2EFBEF99004CAA54 /* PetModels.swift in Sources */,
				20833D5A2F20B39A00D59583 /* VaccineDetailView.swift in Sources */,
				20CCB6012F04190E00CE57E7 /* PetDetailView.swift in Sources */,
				206606702EFE6F67004CAA54 /* ConsultationEngine.swift in Sources */,
				206606722F03CE4C004CAA54 /* ChatHistoryModels.swift in Sources */,
				2006501E2F20B102004900F1 /* VaccineView.swift in Sources */,
				2006501F2F20B102004900F1 /* InsuranceCompareView.swift in Sources */,
				2075192A2F25289700B1FD1A /* ClinicSelectionView.swift in Sources */,
				200650202F20B102004900F1 /* BlogView.swift in Sources */,
				206606402EFBB4B2004CAA54 /* BlogService.swift in Sources */,
				200650212F20B102004900F1 /* InsuranceLandingView.swift in Sources */,
				207519242F2520B400B1FD1A /* ClinicDetailView.swift in Sources */,
				2066066D2EFBEF9F004CAA54 /* AIService.swift in Sources */,
				200650262F20B195004900F1 /* Vaccine.swift in Sources */,
				20CCB5FF2F0418F300CE57E7 /* AddPetView.swift in Sources */,
				206606672EFBEBB5004CAA54 /* ContentView.swift in Sources */,
				207519202F251CEA00B1FD1A /* ClinicService.swift in Sources */,
				2066066B2EFBEF92004CAA54 /* RecordsView.swift in Sources */,
				5254A20A2F14D0BB002C6BFB /* InsuranceService.swift in Sources */,
				207519222F251CFD00B1FD1A /* EmergencyClinicsView.swift in Sources */,
				2075191E2F251CD000B1FD1A /* Clinic.swift in Sources */,

				207519262F25232400B1FD1A /* HealthCheckView.swift in Sources */,

				207519282F2524A800B1FD1A /* VaccineBookingView.swift in Sources */,
				2066066A2EFBEF8C004CAA54 /* GuardianChatView.swift in Sources */,
				206606682EFBEBB5004CAA54 /* PetWellApp.swift in Sources */,
				200650282F20B1F1004900F1 /* VaccineService.swift in Sources */,
				20SOCIAL012F42B000004CAA54 /* SharePetProfileView.swift in Sources */,
				20SOCIAL032F42B000004CAA54 /* SocialSearchView.swift in Sources */,
			);
			runOnlyForDeploymentPostprocessing = 0;
		};
/* End PBXSourcesBuildPhase section */

/* Begin XCBuildConfiguration section */
		206606462EFBB4B3004CAA54 /* Debug */ = {
			isa = XCBuildConfiguration;
			buildSettings = {
				ALWAYS_SEARCH_USER_PATHS = NO;
				ASSETCATALOG_COMPILER_GENERATE_SWIFT_ASSET_SYMBOL_EXTENSIONS = YES;
				CLANG_ANALYZER_NONNULL = YES;
				CLANG_ANALYZER_NUMBER_OBJECT_CONVERSION = YES_AGGRESSIVE;
				CLANG_CXX_LANGUAGE_STANDARD = "gnu++20";
				CLANG_ENABLE_MODULES = YES;
				CLANG_ENABLE_OBJC_ARC = YES;
				CLANG_ENABLE_OBJC_WEAK = YES;
				CLANG_WARN_BLOCK_CAPTURE_AUTORELEASING = YES;
				CLANG_WARN_BOOL_CONVERSION = YES;
				CLANG_WARN_COMMA = YES;
				CLANG_WARN_CONSTANT_CONVERSION = YES;
				CLANG_WARN_DEPRECATED_OBJC_IMPLEMENTATIONS = YES;
				CLANG_WARN_DIRECT_OBJC_ISA_USAGE = YES_ERROR;
				CLANG_WARN_DOCUMENTATION_COMMENTS = YES;
				CLANG_WARN_EMPTY_BODY = YES;
				CLANG_WARN_ENUM_CONVERSION = YES;
				CLANG_WARN_INFINITE_RECURSION = YES;
				CLANG_WARN_INT_CONVERSION = YES;
				CLANG_WARN_NON_LITERAL_NULL_CONVERSION = YES;
				CLANG_WARN_OBJC_IMPLICIT_RETAIN_SELF = YES;
				CLANG_WARN_OBJC_LITERAL_CONVERSION = YES;
				CLANG_WARN_OBJC_ROOT_CLASS = YES_ERROR;
				CLANG_WARN_QUOTED_INCLUDE_IN_FRAMEWORK_HEADER = YES;
				CLANG_WARN_RANGE_LOOP_ANALYSIS = YES;
				CLANG_WARN_STRICT_PROTOTYPES = YES;
				CLANG_WARN_SUSPICIOUS_MOVE = YES;
				CLANG_WARN_UNGUARDED_AVAILABILITY = YES_AGGRESSIVE;
				CLANG_WARN_UNREACHABLE_CODE = YES;
				CLANG_WARN__DUPLICATE_METHOD_MATCH = YES;
				COPY_PHASE_STRIP = NO;
				DEBUG_INFORMATION_FORMAT = dwarf;
				DEVELOPMENT_TEAM = 33H37NVCN8;
				ENABLE_STRICT_OBJC_MSGSEND = YES;
				ENABLE_TESTABILITY = YES;
				ENABLE_USER_SCRIPT_SANDBOXING = YES;
				GCC_C_LANGUAGE_STANDARD = gnu17;
				GCC_DYNAMIC_NO_PIC = NO;
				GCC_NO_COMMON_BLOCKS = YES;
				GCC_OPTIMIZATION_LEVEL = 0;
				GCC_PREPROCESSOR_DEFINITIONS = (
					"DEBUG=1",
					"$(inherited)",
				);
				GCC_WARN_64_TO_32_BIT_CONVERSION = YES;
				GCC_WARN_ABOUT_RETURN_TYPE = YES_ERROR;
				GCC_WARN_UNDECLARED_SELECTOR = YES;
				GCC_WARN_UNINITIALIZED_AUTOS = YES_AGGRESSIVE;
				GCC_WARN_UNUSED_FUNCTION = YES;
				GCC_WARN_UNUSED_VARIABLE = YES;
				IPHONEOS_DEPLOYMENT_TARGET = 17.0;
				LOCALIZATION_PREFERS_STRING_CATALOGS = YES;
				MTL_ENABLE_DEBUG_INFO = INCLUDE_SOURCE;
				MTL_FAST_MATH = YES;
				ONLY_ACTIVE_ARCH = YES;
				SDKROOT = iphoneos;
				SUPPORTED_PLATFORMS = "iphoneos iphonesimulator";
				SWIFT_ACTIVE_COMPILATION_CONDITIONS = "DEBUG $(inherited)";
				SWIFT_OPTIMIZATION_LEVEL = "-Onone";
			};
			name = Debug;
		};
		206606472EFBB4B3004CAA54 /* Release */ = {
			isa = XCBuildConfiguration;
			buildSettings = {
				ALWAYS_SEARCH_USER_PATHS = NO;
				ASSETCATALOG_COMPILER_GENERATE_SWIFT_ASSET_SYMBOL_EXTENSIONS = YES;
				CLANG_ANALYZER_NONNULL = YES;
				CLANG_ANALYZER_NUMBER_OBJECT_CONVERSION = YES_AGGRESSIVE;
				CLANG_CXX_LANGUAGE_STANDARD = "gnu++20";
				CLANG_ENABLE_MODULES = YES;
				CLANG_ENABLE_OBJC_ARC = YES;
				CLANG_ENABLE_OBJC_WEAK = YES;
				CLANG_WARN_BLOCK_CAPTURE_AUTORELEASING = YES;
				CLANG_WARN_BOOL_CONVERSION = YES;
				CLANG_WARN_COMMA = YES;
				CLANG_WARN_CONSTANT_CONVERSION = YES;
				CLANG_WARN_DEPRECATED_OBJC_IMPLEMENTATIONS = YES;
				CLANG_WARN_DIRECT_OBJC_ISA_USAGE = YES_ERROR;
				CLANG_WARN_DOCUMENTATION_COMMENTS = YES;
				CLANG_WARN_EMPTY_BODY = YES;
				CLANG_WARN_ENUM_CONVERSION = YES;
				CLANG_WARN_INFINITE_RECURSION = YES;
				CLANG_WARN_INT_CONVERSION = YES;
				CLANG_WARN_NON_LITERAL_NULL_CONVERSION = YES;
				CLANG_WARN_OBJC_IMPLICIT_RETAIN_SELF = YES;
				CLANG_WARN_OBJC_LITERAL_CONVERSION = YES;
				CLANG_WARN_OBJC_ROOT_CLASS = YES_ERROR;
				CLANG_WARN_QUOTED_INCLUDE_IN_FRAMEWORK_HEADER = YES;
				CLANG_WARN_RANGE_LOOP_ANALYSIS = YES;
				CLANG_WARN_STRICT_PROTOTYPES = YES;
				CLANG_WARN_SUSPICIOUS_MOVE = YES;
				CLANG_WARN_UNGUARDED_AVAILABILITY = YES_AGGRESSIVE;
				CLANG_WARN_UNREACHABLE_CODE = YES;
				CLANG_WARN__DUPLICATE_METHOD_MATCH = YES;
				COPY_PHASE_STRIP = NO;
				DEBUG_INFORMATION_FORMAT = "dwarf-with-dsym";
				DEVELOPMENT_TEAM = 33H37NVCN8;
				ENABLE_NS_ASSERTIONS = NO;
				ENABLE_STRICT_OBJC_MSGSEND = YES;
				ENABLE_USER_SCRIPT_SANDBOXING = YES;
				GCC_C_LANGUAGE_STANDARD = gnu17;
				GCC_NO_COMMON_BLOCKS = YES;
				GCC_WARN_64_TO_32_BIT_CONVERSION = YES;
				GCC_WARN_ABOUT_RETURN_TYPE = YES_ERROR;
				GCC_WARN_UNDECLARED_SELECTOR = YES;
				GCC_WARN_UNINITIALIZED_AUTOS = YES_AGGRESSIVE;
				GCC_WARN_UNUSED_FUNCTION = YES;
				GCC_WARN_UNUSED_VARIABLE = YES;
				IPHONEOS_DEPLOYMENT_TARGET = 17.0;
				LOCALIZATION_PREFERS_STRING_CATALOGS = YES;
				MTL_ENABLE_DEBUG_INFO = NO;
				MTL_FAST_MATH = YES;
				SDKROOT = iphoneos;
				SUPPORTED_PLATFORMS = "iphoneos iphonesimulator";
				SWIFT_COMPILATION_MODE = wholemodule;
				VALIDATE_PRODUCT = YES;
			};
			name = Release;
		};
		206606492EFBB4B3004CAA54 /* Debug */ = {
			isa = XCBuildConfiguration;
			buildSettings = {
				ASSETCATALOG_COMPILER_APPICON_NAME = AppIcon;
				ASSETCATALOG_COMPILER_GLOBAL_ACCENT_COLOR_NAME = AccentColor;
				CODE_SIGN_STYLE = Automatic;
				CURRENT_PROJECT_VERSION = 1;
				DEVELOPMENT_TEAM = 33H37NVCN8;
				ENABLE_PREVIEWS = YES;
				GENERATE_INFOPLIST_FILE = YES;
				INFOPLIST_KEY_UIApplicationSceneManifest_Generation = YES;
				INFOPLIST_KEY_UIApplicationSupportsIndirectInputEvents = YES;
				INFOPLIST_KEY_UILaunchScreen_Generation = YES;
				INFOPLIST_KEY_UISupportedInterfaceOrientations_iPad = "UIInterfaceOrientationPortrait UIInterfaceOrientationPortraitUpsideDown UIInterfaceOrientationLandscapeLeft UIInterfaceOrientationLandscapeRight";
				INFOPLIST_KEY_UISupportedInterfaceOrientations_iPhone = "UIInterfaceOrientationPortrait UIInterfaceOrientationLandscapeLeft UIInterfaceOrientationLandscapeRight";
				LD_RUNPATH_SEARCH_PATHS = (
					"$(inherited)",
					"@executable_path/Frameworks",
				);
				MARKETING_VERSION = 1.0;
				PRODUCT_BUNDLE_IDENTIFIER = com.wwx.PetWell;
				PRODUCT_NAME = "$(TARGET_NAME)";
				STRING_CATALOG_GENERATE_SYMBOLS = YES;
				SWIFT_APPROACHABLE_CONCURRENCY = YES;
				SWIFT_DEFAULT_ACTOR_ISOLATION = MainActor;
				SWIFT_EMIT_LOC_STRINGS = YES;
				SWIFT_UPCOMING_FEATURE_MEMBER_IMPORT_VISIBILITY = YES;
				SWIFT_VERSION = 5.0;
				TARGETED_DEVICE_FAMILY = "1,2";
			};
			name = Debug;
		};
		2066064A2EFBB4B3004CAA54 /* Release */ = {
			isa = XCBuildConfiguration;
			buildSettings = {
				ASSETCATALOG_COMPILER_APPICON_NAME = AppIcon;
				ASSETCATALOG_COMPILER_GLOBAL_ACCENT_COLOR_NAME = AccentColor;
				CODE_SIGN_STYLE = Automatic;
				CURRENT_PROJECT_VERSION = 1;
				DEVELOPMENT_TEAM = 33H37NVCN8;
				ENABLE_PREVIEWS = YES;
				GENERATE_INFOPLIST_FILE = YES;
				INFOPLIST_KEY_UIApplicationSceneManifest_Generation = YES;
				INFOPLIST_KEY_UIApplicationSupportsIndirectInputEvents = YES;
				INFOPLIST_KEY_UILaunchScreen_Generation = YES;
				INFOPLIST_KEY_UISupportedInterfaceOrientations_iPad = "UIInterfaceOrientationPortrait UIInterfaceOrientationPortraitUpsideDown UIInterfaceOrientationLandscapeLeft UIInterfaceOrientationLandscapeRight";
				INFOPLIST_KEY_UISupportedInterfaceOrientations_iPhone = "UIInterfaceOrientationPortrait UIInterfaceOrientationLandscapeLeft UIInterfaceOrientationLandscapeRight";
				LD_RUNPATH_SEARCH_PATHS = (
					"$(inherited)",
					"@executable_path/Frameworks",
				);
				MARKETING_VERSION = 1.0;
				PRODUCT_BUNDLE_IDENTIFIER = com.wwx.PetWell;
				PRODUCT_NAME = "$(TARGET_NAME)";
				STRING_CATALOG_GENERATE_SYMBOLS = YES;
				SWIFT_APPROACHABLE_CONCURRENCY = YES;
				SWIFT_DEFAULT_ACTOR_ISOLATION = MainActor;
				SWIFT_EMIT_LOC_STRINGS = YES;
				SWIFT_UPCOMING_FEATURE_MEMBER_IMPORT_VISIBILITY = YES;
				SWIFT_VERSION = 5.0;
				TARGETED_DEVICE_FAMILY = "1,2";
			};
			name = Release;
		};
/* End XCBuildConfiguration section */

/* Begin XCConfigurationList section */
		206606382EFBB4B2004CAA54 /* Build configuration list for PBXProject "PetWell" */ = {
			isa = XCConfigurationList;
			buildConfigurations = (
				206606462EFBB4B3004CAA54 /* Debug */,
				206606472EFBB4B3004CAA54 /* Release */,
			);
			defaultConfigurationIsVisible = 0;
			defaultConfigurationName = Release;
		};
		206606482EFBB4B3004CAA54 /* Build configuration list for PBXNativeTarget "PetWell" */ = {
			isa = XCConfigurationList;
			buildConfigurations = (
				206606492EFBB4B3004CAA54 /* Debug */,
				2066064A2EFBB4B3004CAA54 /* Release */,
			);
			defaultConfigurationIsVisible = 0;
			defaultConfigurationName = Release;
		};
/* End XCConfigurationList section */
	};
	rootObject = 206606352EFBB4B2004CAA54 /* Project object */;
}
