{
  "originHash" : "62051b57561cee5cc38179e28137b92b494503b064558f41caf8569b17f6740e",
  "pins" : [
    {
      "identity" : "mobile-buy-sdk-ios",
      "kind" : "remoteSourceControl",
      "location" : "https://github.com/Shopify/mobile-buy-sdk-ios",
      "state" : {
        "revision" : "47aeec5605e10db8acbaea176878657510c4cb21",
        "version" : "2025.7.0"
      }
    }
  ],
  "version" : 3
}
