{
  "originHash" : "62e23fa8671b15cce18644e3055983265931337756103dd971240f1d193b42e4",
  "pins" : [
    {
      "identity" : "ios-maps-sdk",
      "kind" : "remoteSourceControl",
      "location" : "https://github.com/googlemaps/ios-maps-sdk",
      "state" : {
        "revision" : "f821a2ef5a3ffa7c704e6c98153da2592ba3049c",
        "version" : "10.8.0"
      }
    },
    {
      "identity" : "mobile-buy-sdk-ios",
      "kind" : "remoteSourceControl",
      "location" : "https://github.com/Shopify/mobile-buy-sdk-ios",
      "state" : {
        "revision" : "47aeec5605e10db8acbaea176878657510c4cb21",
        "version" : "2025.7.0"
      }
    },
    {
      "identity" : "stripe-ios-spm",
      "kind" : "remoteSourceControl",
      "location" : "https://github.com/stripe/stripe-ios-spm",
      "state" : {
        "revision" : "f4f28a0b358011089e4538059d443eccff183382",
        "version" : "24.25.0"
      }
    }
  ],
  "version" : 3
}
